
Microsoft Visual Studio Solution File, Format Version 12.00
# Visual Studio Version 17
VisualStudioVersion = 17.0.31903.59
MinimumVisualStudioVersion = 10.0.40219.1
Project("{2150E333-8FDC-42A3-9474-1A3956D46DE8}") = "Service", "Service", "{ED83CF0F-E96C-472C-8A3B-FEA8F19B767A}"
EndProject
Project("{2150E333-8FDC-42A3-9474-1A3956D46DE8}") = "WebApp", "WebApp", "{627219CA-5E31-4BC5-B4A1-D19C38EFBFF5}"
EndProject
Project("{9A19103F-16F7-4668-BE54-9A1E7A4F7556}") = "CadFun.Domain", "src\service\CadFun.Domain\CadFun.Domain.csproj", "{CB370100-27BE-43A3-A97E-6BB07D9529B2}"
EndProject
Project("{9A19103F-16F7-4668-BE54-9A1E7A4F7556}") = "CadFun.Infrastructure", "src\service\CadFun.Infrastructure\CadFun.Infrastructure.csproj", "{5573D00F-AD98-48F4-AB3B-CF5DB9BFDE53}"
EndProject
Project("{FAE04EC0-301F-11D3-BF4B-00C04F79EFBC}") = "CadFun.Mvc.WebApp", "src\webApp\CadFun.Mvc.WebApp\CadFun.Mvc.WebApp.csproj", "{110742F6-1D5F-4444-9579-74E7A4DC0332}"
EndProject
Global
	GlobalSection(SolutionConfigurationPlatforms) = preSolution
		Debug|Any CPU = Debug|Any CPU
		Release|Any CPU = Release|Any CPU
	EndGlobalSection
	GlobalSection(ProjectConfigurationPlatforms) = postSolution
		{CB370100-27BE-43A3-A97E-6BB07D9529B2}.Debug|Any CPU.ActiveCfg = Debug|Any CPU
		{CB370100-27BE-43A3-A97E-6BB07D9529B2}.Debug|Any CPU.Build.0 = Debug|Any CPU
		{CB370100-27BE-43A3-A97E-6BB07D9529B2}.Release|Any CPU.ActiveCfg = Release|Any CPU
		{CB370100-27BE-43A3-A97E-6BB07D9529B2}.Release|Any CPU.Build.0 = Release|Any CPU
		{5573D00F-AD98-48F4-AB3B-CF5DB9BFDE53}.Debug|Any CPU.ActiveCfg = Debug|Any CPU
		{5573D00F-AD98-48F4-AB3B-CF5DB9BFDE53}.Debug|Any CPU.Build.0 = Debug|Any CPU
		{5573D00F-AD98-48F4-AB3B-CF5DB9BFDE53}.Release|Any CPU.ActiveCfg = Release|Any CPU
		{5573D00F-AD98-48F4-AB3B-CF5DB9BFDE53}.Release|Any CPU.Build.0 = Release|Any CPU
		{110742F6-1D5F-4444-9579-74E7A4DC0332}.Debug|Any CPU.ActiveCfg = Debug|Any CPU
		{110742F6-1D5F-4444-9579-74E7A4DC0332}.Debug|Any CPU.Build.0 = Debug|Any CPU
		{110742F6-1D5F-4444-9579-74E7A4DC0332}.Release|Any CPU.ActiveCfg = Release|Any CPU
		{110742F6-1D5F-4444-9579-74E7A4DC0332}.Release|Any CPU.Build.0 = Release|Any CPU
	EndGlobalSection
	GlobalSection(SolutionProperties) = preSolution
		HideSolutionNode = FALSE
	EndGlobalSection
	GlobalSection(NestedProjects) = preSolution
		{CB370100-27BE-43A3-A97E-6BB07D9529B2} = {ED83CF0F-E96C-472C-8A3B-FEA8F19B767A}
		{5573D00F-AD98-48F4-AB3B-CF5DB9BFDE53} = {ED83CF0F-E96C-472C-8A3B-FEA8F19B767A}
		{110742F6-1D5F-4444-9579-74E7A4DC0332} = {627219CA-5E31-4BC5-B4A1-D19C38EFBFF5}
	EndGlobalSection
	GlobalSection(ExtensibilityGlobals) = postSolution
		SolutionGuid = {1F6DDC16-AB6A-43F7-B130-828296EBC6D0}
	EndGlobalSection
EndGlobal
